
Microsoft Visual Studio Solution File, Format Version 12.00
# Visual Studio Version 16
VisualStudioVersion = 16.0.31019.35
MinimumVisualStudioVersion = 10.0.40219.1
Project("{FAE04EC0-301F-11D3-BF4B-00C04F79EFBC}") = "SparkwareTest", "SparkwareTest.csproj", "{50A1415B-ADAE-487B-899D-B7F2430E539D}"
EndProject
Global
	GlobalSection(SolutionConfigurationPlatforms) = preSolution
		Debug|Any CPU = Debug|Any CPU
		Release|Any CPU = Release|Any CPU
	EndGlobalSection
	GlobalSection(ProjectConfigurationPlatforms) = postSolution
		{50A1415B-ADAE-487B-899D-B7F2430E539D}.Debug|Any CPU.ActiveCfg = Debug|Any CPU
		{50A1415B-ADAE-487B-899D-B7F2430E539D}.Debug|Any CPU.Build.0 = Debug|Any CPU
		{50A1415B-ADAE-487B-899D-B7F2430E539D}.Release|Any CPU.ActiveCfg = Release|Any CPU
		{50A1415B-ADAE-487B-899D-B7F2430E539D}.Release|Any CPU.Build.0 = Release|Any CPU
	EndGlobalSection
	GlobalSection(SolutionProperties) = preSolution
		HideSolutionNode = FALSE
	EndGlobalSection
	GlobalSection(ExtensibilityGlobals) = postSolution
		SolutionGuid = {2B6B255D-F0B2-4807-B7BD-C5C9EA435384}
	EndGlobalSection
EndGlobal
